
Microsoft Visual Studio Solution File, Format Version 12.00
# Visual Studio Version 16
VisualStudioVersion = 16.0.34601.136
MinimumVisualStudioVersion = 10.0.40219.1
Project("{FAE04EC0-301F-11D3-BF4B-00C04F79EFBC}") = "AniversáriosAgenda", "AniversáriosAgenda\AniversáriosAgenda.csproj", "{CF2E46B7-0925-46B6-9802-7A358EFB465B}"
EndProject
Global
	GlobalSection(SolutionConfigurationPlatforms) = preSolution
		Debug|Any CPU = Debug|Any CPU
		Release|Any CPU = Release|Any CPU
	EndGlobalSection
	GlobalSection(ProjectConfigurationPlatforms) = postSolution
		{CF2E46B7-0925-46B6-9802-7A358EFB465B}.Debug|Any CPU.ActiveCfg = Debug|Any CPU
		{CF2E46B7-0925-46B6-9802-7A358EFB465B}.Debug|Any CPU.Build.0 = Debug|Any CPU
		{CF2E46B7-0925-46B6-9802-7A358EFB465B}.Release|Any CPU.ActiveCfg = Release|Any CPU
		{CF2E46B7-0925-46B6-9802-7A358EFB465B}.Release|Any CPU.Build.0 = Release|Any CPU
	EndGlobalSection
	GlobalSection(SolutionProperties) = preSolution
		HideSolutionNode = FALSE
	EndGlobalSection
	GlobalSection(ExtensibilityGlobals) = postSolution
		SolutionGuid = {DDC0361C-A6F3-4F7B-B560-09527E21711F}
	EndGlobalSection
EndGlobal
